
Microsoft Visual Studio Solution File, Format Version 12.00
# Visual Studio 14
VisualStudioVersion = 14.0.25420.1
MinimumVisualStudioVersion = 10.0.40219.1
Project("{FAE04EC0-301F-11D3-BF4B-00C04F79EFBC}") = "Plex.Engine", "ShiftOS_TheReturn\Plex.Engine.csproj", "{7C979B07-0585-4033-A110-E5555B9D6651}"
EndProject
Project("{FAE04EC0-301F-11D3-BF4B-00C04F79EFBC}") = "Plex.Objects", "ShiftOS.Objects\Plex.Objects.csproj", "{A069089A-8962-4607-B2B2-4CF4A371066E}"
EndProject
Project("{FAE04EC0-301F-11D3-BF4B-00C04F79EFBC}") = "Plex.Server", "Plex.Server\Plex.Server.csproj", "{54B1A6BA-F465-4DF7-BA4C-56EA5D2B9326}"
EndProject
Project("{FAE04EC0-301F-11D3-BF4B-00C04F79EFBC}") = "WatercolorGames.CommandLine", "TokenizerThingy\WatercolorGames.CommandLine.csproj", "{583EDB9B-F51C-4BC9-87AD-8BC203DA5F92}"
EndProject
Project("{FAE04EC0-301F-11D3-BF4B-00C04F79EFBC}") = "WatercolorGames.CommandLine.Testing", "WatercolorGames.CommandLine.Testing\WatercolorGames.CommandLine.Testing.csproj", "{5DEC12B1-CA32-4480-942C-7AA06147BA3D}"
EndProject
Project("{FAE04EC0-301F-11D3-BF4B-00C04F79EFBC}") = "Peacenet.Backend", "Peacenet.Backend\Peacenet.Backend.csproj", "{D0D04DB3-08C9-4EA9-B64A-69596DBB9657}"
EndProject
Project("{FAE04EC0-301F-11D3-BF4B-00C04F79EFBC}") = "Peacenet", "Peacenet\Peacenet.csproj", "{D00E3C64-AD90-430C-87F7-A246BE4B84C2}"
EndProject
Global
	GlobalSection(SolutionConfigurationPlatforms) = preSolution
		Debug|Any CPU = Debug|Any CPU
		Debug|x64 = Debug|x64
		Debug|x86 = Debug|x86
		Release|Any CPU = Release|Any CPU
		Release|x64 = Release|x64
		Release|x86 = Release|x86
	EndGlobalSection
	GlobalSection(ProjectConfigurationPlatforms) = postSolution
		{7C979B07-0585-4033-A110-E5555B9D6651}.Debug|Any CPU.ActiveCfg = Debug|Any CPU
		{7C979B07-0585-4033-A110-E5555B9D6651}.Debug|Any CPU.Build.0 = Debug|Any CPU
		{7C979B07-0585-4033-A110-E5555B9D6651}.Debug|x64.ActiveCfg = Debug|Any CPU
		{7C979B07-0585-4033-A110-E5555B9D6651}.Debug|x64.Build.0 = Debug|Any CPU
		{7C979B07-0585-4033-A110-E5555B9D6651}.Debug|x86.ActiveCfg = Debug|Any CPU
		{7C979B07-0585-4033-A110-E5555B9D6651}.Debug|x86.Build.0 = Debug|Any CPU
		{7C979B07-0585-4033-A110-E5555B9D6651}.Release|Any CPU.ActiveCfg = Release|Any CPU
		{7C979B07-0585-4033-A110-E5555B9D6651}.Release|Any CPU.Build.0 = Release|Any CPU
		{7C979B07-0585-4033-A110-E5555B9D6651}.Release|x64.ActiveCfg = Release|Any CPU
		{7C979B07-0585-4033-A110-E5555B9D6651}.Release|x64.Build.0 = Release|Any CPU
		{7C979B07-0585-4033-A110-E5555B9D6651}.Release|x86.ActiveCfg = Release|Any CPU
		{7C979B07-0585-4033-A110-E5555B9D6651}.Release|x86.Build.0 = Release|Any CPU
		{A069089A-8962-4607-B2B2-4CF4A371066E}.Debug|Any CPU.ActiveCfg = Debug|Any CPU
		{A069089A-8962-4607-B2B2-4CF4A371066E}.Debug|Any CPU.Build.0 = Debug|Any CPU
		{A069089A-8962-4607-B2B2-4CF4A371066E}.Debug|x64.ActiveCfg = Debug|Any CPU
		{A069089A-8962-4607-B2B2-4CF4A371066E}.Debug|x64.Build.0 = Debug|Any CPU
		{A069089A-8962-4607-B2B2-4CF4A371066E}.Debug|x86.ActiveCfg = Debug|Any CPU
		{A069089A-8962-4607-B2B2-4CF4A371066E}.Debug|x86.Build.0 = Debug|Any CPU
		{A069089A-8962-4607-B2B2-4CF4A371066E}.Release|Any CPU.ActiveCfg = Release|Any CPU
		{A069089A-8962-4607-B2B2-4CF4A371066E}.Release|Any CPU.Build.0 = Release|Any CPU
		{A069089A-8962-4607-B2B2-4CF4A371066E}.Release|x64.ActiveCfg = Release|Any CPU
		{A069089A-8962-4607-B2B2-4CF4A371066E}.Release|x64.Build.0 = Release|Any CPU
		{A069089A-8962-4607-B2B2-4CF4A371066E}.Release|x86.ActiveCfg = Release|Any CPU
		{A069089A-8962-4607-B2B2-4CF4A371066E}.Release|x86.Build.0 = Release|Any CPU
		{54B1A6BA-F465-4DF7-BA4C-56EA5D2B9326}.Debug|Any CPU.ActiveCfg = Debug|Any CPU
		{54B1A6BA-F465-4DF7-BA4C-56EA5D2B9326}.Debug|Any CPU.Build.0 = Debug|Any CPU
		{54B1A6BA-F465-4DF7-BA4C-56EA5D2B9326}.Debug|x64.ActiveCfg = Debug|Any CPU
		{54B1A6BA-F465-4DF7-BA4C-56EA5D2B9326}.Debug|x64.Build.0 = Debug|Any CPU
		{54B1A6BA-F465-4DF7-BA4C-56EA5D2B9326}.Debug|x86.ActiveCfg = Debug|Any CPU
		{54B1A6BA-F465-4DF7-BA4C-56EA5D2B9326}.Debug|x86.Build.0 = Debug|Any CPU
		{54B1A6BA-F465-4DF7-BA4C-56EA5D2B9326}.Release|Any CPU.ActiveCfg = Release|Any CPU
		{54B1A6BA-F465-4DF7-BA4C-56EA5D2B9326}.Release|Any CPU.Build.0 = Release|Any CPU
		{54B1A6BA-F465-4DF7-BA4C-56EA5D2B9326}.Release|x64.ActiveCfg = Release|Any CPU
		{54B1A6BA-F465-4DF7-BA4C-56EA5D2B9326}.Release|x64.Build.0 = Release|Any CPU
		{54B1A6BA-F465-4DF7-BA4C-56EA5D2B9326}.Release|x86.ActiveCfg = Release|Any CPU
		{54B1A6BA-F465-4DF7-BA4C-56EA5D2B9326}.Release|x86.Build.0 = Release|Any CPU
		{583EDB9B-F51C-4BC9-87AD-8BC203DA5F92}.Debug|Any CPU.ActiveCfg = Debug|Any CPU
		{583EDB9B-F51C-4BC9-87AD-8BC203DA5F92}.Debug|Any CPU.Build.0 = Debug|Any CPU
		{583EDB9B-F51C-4BC9-87AD-8BC203DA5F92}.Debug|x64.ActiveCfg = Debug|Any CPU
		{583EDB9B-F51C-4BC9-87AD-8BC203DA5F92}.Debug|x64.Build.0 = Debug|Any CPU
		{583EDB9B-F51C-4BC9-87AD-8BC203DA5F92}.Debug|x86.ActiveCfg = Debug|Any CPU
		{583EDB9B-F51C-4BC9-87AD-8BC203DA5F92}.Debug|x86.Build.0 = Debug|Any CPU
		{583EDB9B-F51C-4BC9-87AD-8BC203DA5F92}.Release|Any CPU.ActiveCfg = Release|Any CPU
		{583EDB9B-F51C-4BC9-87AD-8BC203DA5F92}.Release|Any CPU.Build.0 = Release|Any CPU
		{583EDB9B-F51C-4BC9-87AD-8BC203DA5F92}.Release|x64.ActiveCfg = Release|Any CPU
		{583EDB9B-F51C-4BC9-87AD-8BC203DA5F92}.Release|x64.Build.0 = Release|Any CPU
		{583EDB9B-F51C-4BC9-87AD-8BC203DA5F92}.Release|x86.ActiveCfg = Release|Any CPU
		{583EDB9B-F51C-4BC9-87AD-8BC203DA5F92}.Release|x86.Build.0 = Release|Any CPU
		{5DEC12B1-CA32-4480-942C-7AA06147BA3D}.Debug|Any CPU.ActiveCfg = Debug|Any CPU
		{5DEC12B1-CA32-4480-942C-7AA06147BA3D}.Debug|Any CPU.Build.0 = Debug|Any CPU
		{5DEC12B1-CA32-4480-942C-7AA06147BA3D}.Debug|x64.ActiveCfg = Debug|Any CPU
		{5DEC12B1-CA32-4480-942C-7AA06147BA3D}.Debug|x64.Build.0 = Debug|Any CPU
		{5DEC12B1-CA32-4480-942C-7AA06147BA3D}.Debug|x86.ActiveCfg = Debug|Any CPU
		{5DEC12B1-CA32-4480-942C-7AA06147BA3D}.Debug|x86.Build.0 = Debug|Any CPU
		{5DEC12B1-CA32-4480-942C-7AA06147BA3D}.Release|Any CPU.ActiveCfg = Release|Any CPU
		{5DEC12B1-CA32-4480-942C-7AA06147BA3D}.Release|Any CPU.Build.0 = Release|Any CPU
		{5DEC12B1-CA32-4480-942C-7AA06147BA3D}.Release|x64.ActiveCfg = Release|Any CPU
		{5DEC12B1-CA32-4480-942C-7AA06147BA3D}.Release|x64.Build.0 = Release|Any CPU
		{5DEC12B1-CA32-4480-942C-7AA06147BA3D}.Release|x86.ActiveCfg = Release|Any CPU
		{5DEC12B1-CA32-4480-942C-7AA06147BA3D}.Release|x86.Build.0 = Release|Any CPU
		{D0D04DB3-08C9-4EA9-B64A-69596DBB9657}.Debug|Any CPU.ActiveCfg = Debug|Any CPU
		{D0D04DB3-08C9-4EA9-B64A-69596DBB9657}.Debug|Any CPU.Build.0 = Debug|Any CPU
		{D0D04DB3-08C9-4EA9-B64A-69596DBB9657}.Debug|x64.ActiveCfg = Debug|Any CPU
		{D0D04DB3-08C9-4EA9-B64A-69596DBB9657}.Debug|x64.Build.0 = Debug|Any CPU
		{D0D04DB3-08C9-4EA9-B64A-69596DBB9657}.Debug|x86.ActiveCfg = Debug|Any CPU
		{D0D04DB3-08C9-4EA9-B64A-69596DBB9657}.Debug|x86.Build.0 = Debug|Any CPU
		{D0D04DB3-08C9-4EA9-B64A-69596DBB9657}.Release|Any CPU.ActiveCfg = Release|Any CPU
		{D0D04DB3-08C9-4EA9-B64A-69596DBB9657}.Release|Any CPU.Build.0 = Release|Any CPU
		{D0D04DB3-08C9-4EA9-B64A-69596DBB9657}.Release|x64.ActiveCfg = Release|Any CPU
		{D0D04DB3-08C9-4EA9-B64A-69596DBB9657}.Release|x64.Build.0 = Release|Any CPU
		{D0D04DB3-08C9-4EA9-B64A-69596DBB9657}.Release|x86.ActiveCfg = Release|Any CPU
		{D0D04DB3-08C9-4EA9-B64A-69596DBB9657}.Release|x86.Build.0 = Release|Any CPU
		{D00E3C64-AD90-430C-87F7-A246BE4B84C2}.Debug|Any CPU.ActiveCfg = Debug|Any CPU
		{D00E3C64-AD90-430C-87F7-A246BE4B84C2}.Debug|Any CPU.Build.0 = Debug|Any CPU
		{D00E3C64-AD90-430C-87F7-A246BE4B84C2}.Debug|x64.ActiveCfg = Debug|Any CPU
		{D00E3C64-AD90-430C-87F7-A246BE4B84C2}.Debug|x64.Build.0 = Debug|Any CPU
		{D00E3C64-AD90-430C-87F7-A246BE4B84C2}.Debug|x86.ActiveCfg = Debug|Any CPU
		{D00E3C64-AD90-430C-87F7-A246BE4B84C2}.Debug|x86.Build.0 = Debug|Any CPU
		{D00E3C64-AD90-430C-87F7-A246BE4B84C2}.Release|Any CPU.ActiveCfg = Release|x86
		{D00E3C64-AD90-430C-87F7-A246BE4B84C2}.Release|Any CPU.Build.0 = Release|x86
		{D00E3C64-AD90-430C-87F7-A246BE4B84C2}.Release|x64.ActiveCfg = Release|Any CPU
		{D00E3C64-AD90-430C-87F7-A246BE4B84C2}.Release|x64.Build.0 = Release|Any CPU
		{D00E3C64-AD90-430C-87F7-A246BE4B84C2}.Release|x86.ActiveCfg = Release|x86
		{D00E3C64-AD90-430C-87F7-A246BE4B84C2}.Release|x86.Build.0 = Release|x86
	EndGlobalSection
	GlobalSection(SolutionProperties) = preSolution
		HideSolutionNode = FALSE
	EndGlobalSection
EndGlobal
